
Microsoft Visual Studio Solution File, Format Version 12.00
# Visual Studio Version 16
VisualStudioVersion = 16.0.29728.190
MinimumVisualStudioVersion = 10.0.40219.1
Project("{FAE04EC0-301F-11D3-BF4B-00C04F79EFBC}") = "DIS_Assignment_1", "DIS_Assignment_1.csproj", "{58131F49-A188-43FA-9E38-606C5782F412}"
EndProject
Global
	GlobalSection(SolutionConfigurationPlatforms) = preSolution
		Debug|Any CPU = Debug|Any CPU
		Release|Any CPU = Release|Any CPU
	EndGlobalSection
	GlobalSection(ProjectConfigurationPlatforms) = postSolution
		{58131F49-A188-43FA-9E38-606C5782F412}.Debug|Any CPU.ActiveCfg = Debug|Any CPU
		{58131F49-A188-43FA-9E38-606C5782F412}.Debug|Any CPU.Build.0 = Debug|Any CPU
		{58131F49-A188-43FA-9E38-606C5782F412}.Release|Any CPU.ActiveCfg = Release|Any CPU
		{58131F49-A188-43FA-9E38-606C5782F412}.Release|Any CPU.Build.0 = Release|Any CPU
	EndGlobalSection
	GlobalSection(SolutionProperties) = preSolution
		HideSolutionNode = FALSE
	EndGlobalSection
	GlobalSection(ExtensibilityGlobals) = postSolution
		SolutionGuid = {7EB67173-CBDA-4B73-8F06-3D5CEDC912C3}
	EndGlobalSection
EndGlobal
